
Microsoft Visual Studio Solution File, Format Version 12.00
# Visual Studio Version 16
VisualStudioVersion = 16.0.29409.12
MinimumVisualStudioVersion = 10.0.40219.1
Project("{FAE04EC0-301F-11D3-BF4B-00C04F79EFBC}") = "twoja-manufaktura", "twoja-manufaktura\twoja-manufaktura.csproj", "{CC1588A1-69B3-4516-B3D4-393E0A8BA238}"
EndProject
Project("{FAE04EC0-301F-11D3-BF4B-00C04F79EFBC}") = "twoja-manufaktura.Tests", "twoja-manufaktura.Tests\twoja-manufaktura.Tests.csproj", "{62DD65E8-9D1A-480B-A078-DA75A2F3334E}"
EndProject
Global
	GlobalSection(SolutionConfigurationPlatforms) = preSolution
		Debug|Any CPU = Debug|Any CPU
		Release|Any CPU = Release|Any CPU
	EndGlobalSection
	GlobalSection(ProjectConfigurationPlatforms) = postSolution
		{CC1588A1-69B3-4516-B3D4-393E0A8BA238}.Debug|Any CPU.ActiveCfg = Debug|Any CPU
		{CC1588A1-69B3-4516-B3D4-393E0A8BA238}.Debug|Any CPU.Build.0 = Debug|Any CPU
		{CC1588A1-69B3-4516-B3D4-393E0A8BA238}.Release|Any CPU.ActiveCfg = Release|Any CPU
		{CC1588A1-69B3-4516-B3D4-393E0A8BA238}.Release|Any CPU.Build.0 = Release|Any CPU
		{62DD65E8-9D1A-480B-A078-DA75A2F3334E}.Debug|Any CPU.ActiveCfg = Debug|Any CPU
		{62DD65E8-9D1A-480B-A078-DA75A2F3334E}.Debug|Any CPU.Build.0 = Debug|Any CPU
		{62DD65E8-9D1A-480B-A078-DA75A2F3334E}.Release|Any CPU.ActiveCfg = Release|Any CPU
		{62DD65E8-9D1A-480B-A078-DA75A2F3334E}.Release|Any CPU.Build.0 = Release|Any CPU
	EndGlobalSection
	GlobalSection(SolutionProperties) = preSolution
		HideSolutionNode = FALSE
	EndGlobalSection
	GlobalSection(ExtensibilityGlobals) = postSolution
		SolutionGuid = {5EA1442B-17FD-464F-B742-92B701489C96}
	EndGlobalSection
EndGlobal
